PODS:
  - Alamofire (5.7.1)
  - SwiftyJSON (5.0.1)

DEPENDENCIES:
  - Alamofire (from `https://github.com/Alamofire/Alamofire.git`)
  - SwiftyJSON (from `https://github.com/SwiftyJSON/SwiftyJSON.git`)

EXTERNAL SOURCES:
  Alamofire:
    :git: https://github.com/Alamofire/Alamofire.git
  SwiftyJSON:
    :git: https://github.com/SwiftyJSON/SwiftyJSON.git

CHECKOUT OPTIONS:
  Alamofire:
    :commit: 9f828f62e24bd0cf550816057f614be21c3ae5ea
    :git: https://github.com/Alamofire/Alamofire.git
  SwiftyJSON:
    :commit: af1f7a2007d607fbe735c445f19080df4260fe8e
    :git: https://github.com/SwiftyJSON/SwiftyJSON.git

SPEC CHECKSUMS:
  Alamofire: 0123a34370cb170936ae79a8df46cc62b2edeb88
  SwiftyJSON: 2f33a42c6fbc52764d96f13368585094bfd8aa5e

PODFILE CHECKSUM: e8fa2966812010f285da2a29c953dc4f44fccc83

COCOAPODS: 1.12.1
