// !$*UTF8*$!
{
	archiveVersion = 1;
	classes = {
	};
	objectVersion = 56;
	objects = {

/* Begin PBXBuildFile section */
		0A0650D1133BF20494E3BC1B /* Pods_AZURest.framework in Frameworks */ = {isa = PBXBuildFile; fileRef = 7BC8120D5262EF46E3DCE913 /* Pods_AZURest.framework */; };
		871430B82A849C22007C1023 /* AZURest.docc in Sources */ = {isa = PBXBuildFile; fileRef = 871430B72A849C22007C1023 /* AZURest.docc */; };
		871430BE2A849C22007C1023 /* AZURest.framework in Frameworks */ = {isa = PBXBuildFile; fileRef = 871430B32A849C22007C1023 /* AZURest.framework */; };
		871430C32A849C22007C1023 /* AZURestTests.swift in Sources */ = {isa = PBXBuildFile; fileRef = 871430C22A849C22007C1023 /* AZURestTests.swift */; };
		871430C42A849C22007C1023 /* AZURest.h in Headers */ = {isa = PBXBuildFile; fileRef = 871430B62A849C22007C1023 /* AZURest.h */; settings = {ATTRIBUTES = (Public, ); }; };
		E13DD94C82FB8E6F5D04FA38 /* Pods_AZURest_AZURestTests.framework in Frameworks */ = {isa = PBXBuildFile; fileRef = 4105FDD4D7043ED79E987F2F /* Pods_AZURest_AZURestTests.framework */; };
/* End PBXBuildFile section */

/* Begin PBXContainerItemProxy section */
		871430BF2A849C22007C1023 /* PBXContainerItemProxy */ = {
			isa = PBXContainerItemProxy;
			containerPortal = 871430AA2A849C22007C1023 /* Project object */;
			proxyType = 1;
			remoteGlobalIDString = 871430B22A849C22007C1023;
			remoteInfo = AZURest;
		};
/* End PBXContainerItemProxy section */

/* Begin PBXFileReference section */
		4105FDD4D7043ED79E987F2F /* Pods_AZURest_AZURestTests.framework */ = {isa = PBXFileReference; explicitFileType = wrapper.framework; includeInIndex = 0; path = Pods_AZURest_AZURestTests.framework; sourceTree = BUILT_PRODUCTS_DIR; };
		4C318C5D656D23F47761AB9E /* Pods-AZURest.release.xcconfig */ = {isa = PBXFileReference; includeInIndex = 1; lastKnownFileType = text.xcconfig; name = "Pods-AZURest.release.xcconfig"; path = "Target Support Files/Pods-AZURest/Pods-AZURest.release.xcconfig"; sourceTree = "<group>"; };
		7BC8120D5262EF46E3DCE913 /* Pods_AZURest.framework */ = {isa = PBXFileReference; explicitFileType = wrapper.framework; includeInIndex = 0; path = Pods_AZURest.framework; sourceTree = BUILT_PRODUCTS_DIR; };
		871430B32A849C22007C1023 /* AZURest.framework */ = {isa = PBXFileReference; explicitFileType = wrapper.framework; includeInIndex = 0; path = AZURest.framework; sourceTree = BUILT_PRODUCTS_DIR; };
		871430B62A849C22007C1023 /* AZURest.h */ = {isa = PBXFileReference; lastKnownFileType = sourcecode.c.h; path = AZURest.h; sourceTree = "<group>"; };
		871430B72A849C22007C1023 /* AZURest.docc */ = {isa = PBXFileReference; lastKnownFileType = folder.documentationcatalog; path = AZURest.docc; sourceTree = "<group>"; };
		871430BD2A849C22007C1023 /* AZURestTests.xctest */ = {isa = PBXFileReference; explicitFileType = wrapper.cfbundle; includeInIndex = 0; path = AZURestTests.xctest; sourceTree = BUILT_PRODUCTS_DIR; };
		871430C22A849C22007C1023 /* AZURestTests.swift */ = {isa = PBXFileReference; lastKnownFileType = sourcecode.swift; path = AZURestTests.swift; sourceTree = "<group>"; };
		BF2F6FA2297CBDE594059642 /* Pods-AZURest-AZURestTests.debug.xcconfig */ = {isa = PBXFileReference; includeInIndex = 1; lastKnownFileType = text.xcconfig; name = "Pods-AZURest-AZURestTests.debug.xcconfig"; path = "Target Support Files/Pods-AZURest-AZURestTests/Pods-AZURest-AZURestTests.debug.xcconfig"; sourceTree = "<group>"; };
		EB247AEF873B64420FFB8BB6 /* Pods-AZURest.debug.xcconfig */ = {isa = PBXFileReference; includeInIndex = 1; lastKnownFileType = text.xcconfig; name = "Pods-AZURest.debug.xcconfig"; path = "Target Support Files/Pods-AZURest/Pods-AZURest.debug.xcconfig"; sourceTree = "<group>"; };
		F2B31615FE5BB16D403F1FC0 /* Pods-AZURest-AZURestTests.release.xcconfig */ = {isa = PBXFileReference; includeInIndex = 1; lastKnownFileType = text.xcconfig; name = "Pods-AZURest-AZURestTests.release.xcconfig"; path = "Target Support Files/Pods-AZURest-AZURestTests/Pods-AZURest-AZURestTests.release.xcconfig"; sourceTree = "<group>"; };
/* End PBXFileReference section */

/* Begin PBXFrameworksBuildPhase section */
		871430B02A849C22007C1023 /* Frameworks */ = {
			isa = PBXFrameworksBuildPhase;
			buildActionMask = 2147483647;
			files = (
				0A0650D1133BF20494E3BC1B /* Pods_AZURest.framework in Frameworks */,
			);
			runOnlyForDeploymentPostprocessing = 0;
		};
		871430BA2A849C22007C1023 /* Frameworks */ = {
			isa = PBXFrameworksBuildPhase;
			buildActionMask = 2147483647;
			files = (
				871430BE2A849C22007C1023 /* AZURest.framework in Frameworks */,
				E13DD94C82FB8E6F5D04FA38 /* Pods_AZURest_AZURestTests.framework in Frameworks */,
			);
			runOnlyForDeploymentPostprocessing = 0;
		};
/* End PBXFrameworksBuildPhase section */

/* Begin PBXGroup section */
		35286DC253102C9C8343EEF5 /* Pods */ = {
			isa = PBXGroup;
			children = (
				EB247AEF873B64420FFB8BB6 /* Pods-AZURest.debug.xcconfig */,
				4C318C5D656D23F47761AB9E /* Pods-AZURest.release.xcconfig */,
				BF2F6FA2297CBDE594059642 /* Pods-AZURest-AZURestTests.debug.xcconfig */,
				F2B31615FE5BB16D403F1FC0 /* Pods-AZURest-AZURestTests.release.xcconfig */,
			);
			name = Pods;
			path = Pods;
			sourceTree = "<group>";
		};
		871430A92A849C22007C1023 = {
			isa = PBXGroup;
			children = (
				871430B52A849C22007C1023 /* AZURest */,
				871430C12A849C22007C1023 /* AZURestTests */,
				871430B42A849C22007C1023 /* Products */,
				35286DC253102C9C8343EEF5 /* Pods */,
				C1340C968E287EBDD5FEC1C0 /* Frameworks */,
			);
			sourceTree = "<group>";
		};
		871430B42A849C22007C1023 /* Products */ = {
			isa = PBXGroup;
			children = (
				871430B32A849C22007C1023 /* AZURest.framework */,
				871430BD2A849C22007C1023 /* AZURestTests.xctest */,
			);
			name = Products;
			sourceTree = "<group>";
		};
		871430B52A849C22007C1023 /* AZURest */ = {
			isa = PBXGroup;
			children = (
				871430CD2A849CDA007C1023 /* Classes */,
				871430B62A849C22007C1023 /* AZURest.h */,
				871430B72A849C22007C1023 /* AZURest.docc */,
			);
			path = AZURest;
			sourceTree = "<group>";
		};
		871430C12A849C22007C1023 /* AZURestTests */ = {
			isa = PBXGroup;
			children = (
				871430C22A849C22007C1023 /* AZURestTests.swift */,
			);
			path = AZURestTests;
			sourceTree = "<group>";
		};
		871430CD2A849CDA007C1023 /* Classes */ = {
			isa = PBXGroup;
			children = (
			);
			path = Classes;
			sourceTree = "<group>";
		};
		C1340C968E287EBDD5FEC1C0 /* Frameworks */ = {
			isa = PBXGroup;
			children = (
				7BC8120D5262EF46E3DCE913 /* Pods_AZURest.framework */,
				4105FDD4D7043ED79E987F2F /* Pods_AZURest_AZURestTests.framework */,
			);
			name = Frameworks;
			sourceTree = "<group>";
		};
/* End PBXGroup section */

/* Begin PBXHeadersBuildPhase section */
		871430AE2A849C22007C1023 /* Headers */ = {
			isa = PBXHeadersBuildPhase;
			buildActionMask = 2147483647;
			files = (
				871430C42A849C22007C1023 /* AZURest.h in Headers */,
			);
			runOnlyForDeploymentPostprocessing = 0;
		};
/* End PBXHeadersBuildPhase section */

/* Begin PBXNativeTarget section */
		871430B22A849C22007C1023 /* AZURest */ = {
			isa = PBXNativeTarget;
			buildConfigurationList = 871430C72A849C22007C1023 /* Build configuration list for PBXNativeTarget "AZURest" */;
			buildPhases = (
				6AC9AF9D36A65A7C71E41DDF /* [CP] Check Pods Manifest.lock */,
				871430AE2A849C22007C1023 /* Headers */,
				871430AF2A849C22007C1023 /* Sources */,
				871430B02A849C22007C1023 /* Frameworks */,
				871430B12A849C22007C1023 /* Resources */,
			);
			buildRules = (
			);
			dependencies = (
			);
			name = AZURest;
			productName = AZURest;
			productReference = 871430B32A849C22007C1023 /* AZURest.framework */;
			productType = "com.apple.product-type.framework";
		};
		871430BC2A849C22007C1023 /* AZURestTests */ = {
			isa = PBXNativeTarget;
			buildConfigurationList = 871430CA2A849C22007C1023 /* Build configuration list for PBXNativeTarget "AZURestTests" */;
			buildPhases = (
				646796357C15A8DF75F5E0C0 /* [CP] Check Pods Manifest.lock */,
				871430B92A849C22007C1023 /* Sources */,
				871430BA2A849C22007C1023 /* Frameworks */,
				871430BB2A849C22007C1023 /* Resources */,
				4CFA7EA87B2A8AE716B76117 /* [CP] Embed Pods Frameworks */,
			);
			buildRules = (
			);
			dependencies = (
				871430C02A849C22007C1023 /* PBXTargetDependency */,
			);
			name = AZURestTests;
			productName = AZURestTests;
			productReference = 871430BD2A849C22007C1023 /* AZURestTests.xctest */;
			productType = "com.apple.product-type.bundle.unit-test";
		};
/* End PBXNativeTarget section */

/* Begin PBXProject section */
		871430AA2A849C22007C1023 /* Project object */ = {
			isa = PBXProject;
			attributes = {
				BuildIndependentTargetsInParallel = 1;
				LastSwiftUpdateCheck = 1500;
				LastUpgradeCheck = 1500;
				TargetAttributes = {
					871430B22A849C22007C1023 = {
						CreatedOnToolsVersion = 15.0;
					};
					871430BC2A849C22007C1023 = {
						CreatedOnToolsVersion = 15.0;
					};
				};
			};
			buildConfigurationList = 871430AD2A849C22007C1023 /* Build configuration list for PBXProject "AZURest" */;
			compatibilityVersion = "Xcode 14.0";
			developmentRegion = en;
			hasScannedForEncodings = 0;
			knownRegions = (
				en,
				Base,
			);
			mainGroup = 871430A92A849C22007C1023;
			productRefGroup = 871430B42A849C22007C1023 /* Products */;
			projectDirPath = "";
			projectRoot = "";
			targets = (
				871430B22A849C22007C1023 /* AZURest */,
				871430BC2A849C22007C1023 /* AZURestTests */,
			);
		};
/* End PBXProject section */

/* Begin PBXResourcesBuildPhase section */
		871430B12A849C22007C1023 /* Resources */ = {
			isa = PBXResourcesBuildPhase;
			buildActionMask = 2147483647;
			files = (
			);
			runOnlyForDeploymentPostprocessing = 0;
		};
		871430BB2A849C22007C1023 /* Resources */ = {
			isa = PBXResourcesBuildPhase;
			buildActionMask = 2147483647;
			files = (
			);
			runOnlyForDeploymentPostprocessing = 0;
		};
/* End PBXResourcesBuildPhase section */

/* Begin PBXShellScriptBuildPhase section */
		4CFA7EA87B2A8AE716B76117 /* [CP] Embed Pods Frameworks */ = {
			isa = PBXShellScriptBuildPhase;
			buildActionMask = 2147483647;
			files = (
			);
			inputFileListPaths = (
				"${PODS_ROOT}/Target Support Files/Pods-AZURest-AZURestTests/Pods-AZURest-AZURestTests-frameworks-${CONFIGURATION}-input-files.xcfilelist",
			);
			name = "[CP] Embed Pods Frameworks";
			outputFileListPaths = (
				"${PODS_ROOT}/Target Support Files/Pods-AZURest-AZURestTests/Pods-AZURest-AZURestTests-frameworks-${CONFIGURATION}-output-files.xcfilelist",
			);
			runOnlyForDeploymentPostprocessing = 0;
			shellPath = /bin/sh;
			shellScript = "\"${PODS_ROOT}/Target Support Files/Pods-AZURest-AZURestTests/Pods-AZURest-AZURestTests-frameworks.sh\"\n";
			showEnvVarsInLog = 0;
		};
		646796357C15A8DF75F5E0C0 /* [CP] Check Pods Manifest.lock */ = {
			isa = PBXShellScriptBuildPhase;
			buildActionMask = 2147483647;
			files = (
			);
			inputFileListPaths = (
			);
			inputPaths = (
				"${PODS_PODFILE_DIR_PATH}/Podfile.lock",
				"${PODS_ROOT}/Manifest.lock",
			);
			name = "[CP] Check Pods Manifest.lock";
			outputFileListPaths = (
			);
			outputPaths = (
				"$(DERIVED_FILE_DIR)/Pods-AZURest-AZURestTests-checkManifestLockResult.txt",
			);
			runOnlyForDeploymentPostprocessing = 0;
			shellPath = /bin/sh;
			shellScript = "diff \"${PODS_PODFILE_DIR_PATH}/Podfile.lock\" \"${PODS_ROOT}/Manifest.lock\" > /dev/null\nif [ $? != 0 ] ; then\n    # print error to STDERR\n    echo \"error: The sandbox is not in sync with the Podfile.lock. Run 'pod install' or update your CocoaPods installation.\" >&2\n    exit 1\nfi\n# This output is used by Xcode 'outputs' to avoid re-running this script phase.\necho \"SUCCESS\" > \"${SCRIPT_OUTPUT_FILE_0}\"\n";
			showEnvVarsInLog = 0;
		};
		6AC9AF9D36A65A7C71E41DDF /* [CP] Check Pods Manifest.lock */ = {
			isa = PBXShellScriptBuildPhase;
			buildActionMask = 2147483647;
			files = (
			);
			inputFileListPaths = (
			);
			inputPaths = (
				"${PODS_PODFILE_DIR_PATH}/Podfile.lock",
				"${PODS_ROOT}/Manifest.lock",
			);
			name = "[CP] Check Pods Manifest.lock";
			outputFileListPaths = (
			);
			outputPaths = (
				"$(DERIVED_FILE_DIR)/Pods-AZURest-checkManifestLockResult.txt",
			);
			runOnlyForDeploymentPostprocessing = 0;
			shellPath = /bin/sh;
			shellScript = "diff \"${PODS_PODFILE_DIR_PATH}/Podfile.lock\" \"${PODS_ROOT}/Manifest.lock\" > /dev/null\nif [ $? != 0 ] ; then\n    # print error to STDERR\n    echo \"error: The sandbox is not in sync with the Podfile.lock. Run 'pod install' or update your CocoaPods installation.\" >&2\n    exit 1\nfi\n# This output is used by Xcode 'outputs' to avoid re-running this script phase.\necho \"SUCCESS\" > \"${SCRIPT_OUTPUT_FILE_0}\"\n";
			showEnvVarsInLog = 0;
		};
/* End PBXShellScriptBuildPhase section */

/* Begin PBXSourcesBuildPhase section */
		871430AF2A849C22007C1023 /* Sources */ = {
			isa = PBXSourcesBuildPhase;
			buildActionMask = 2147483647;
			files = (
				871430B82A849C22007C1023 /* AZURest.docc in Sources */,
			);
			runOnlyForDeploymentPostprocessing = 0;
		};
		871430B92A849C22007C1023 /* Sources */ = {
			isa = PBXSourcesBuildPhase;
			buildActionMask = 2147483647;
			files = (
				871430C32A849C22007C1023 /* AZURestTests.swift in Sources */,
			);
			runOnlyForDeploymentPostprocessing = 0;
		};
/* End PBXSourcesBuildPhase section */

/* Begin PBXTargetDependency section */
		871430C02A849C22007C1023 /* PBXTargetDependency */ = {
			isa = PBXTargetDependency;
			target = 871430B22A849C22007C1023 /* AZURest */;
			targetProxy = 871430BF2A849C22007C1023 /* PBXContainerItemProxy */;
		};
/* End PBXTargetDependency section */

/* Begin XCBuildConfiguration section */
		871430C52A849C22007C1023 /* Debug */ = {
			isa = XCBuildConfiguration;
			buildSettings = {
				ALWAYS_SEARCH_USER_PATHS = NO;
				ASSETCATALOG_COMPILER_GENERATE_SWIFT_ASSET_SYMBOL_EXTENSIONS = YES;
				CLANG_ANALYZER_NONNULL = YES;
				CLANG_ANALYZER_NUMBER_OBJECT_CONVERSION = YES_AGGRESSIVE;
				CLANG_CXX_LANGUAGE_STANDARD = "gnu++20";
				CLANG_ENABLE_MODULES = YES;
				CLANG_ENABLE_OBJC_ARC = YES;
				CLANG_ENABLE_OBJC_WEAK = YES;
				CLANG_WARN_BLOCK_CAPTURE_AUTORELEASING = YES;
				CLANG_WARN_BOOL_CONVERSION = YES;
				CLANG_WARN_COMMA = YES;
				CLANG_WARN_CONSTANT_CONVERSION = YES;
				CLANG_WARN_DEPRECATED_OBJC_IMPLEMENTATIONS = YES;
				CLANG_WARN_DIRECT_OBJC_ISA_USAGE = YES_ERROR;
				CLANG_WARN_DOCUMENTATION_COMMENTS = YES;
				CLANG_WARN_EMPTY_BODY = YES;
				CLANG_WARN_ENUM_CONVERSION = YES;
				CLANG_WARN_INFINITE_RECURSION = YES;
				CLANG_WARN_INT_CONVERSION = YES;
				CLANG_WARN_NON_LITERAL_NULL_CONVERSION = YES;
				CLANG_WARN_OBJC_IMPLICIT_RETAIN_SELF = YES;
				CLANG_WARN_OBJC_LITERAL_CONVERSION = YES;
				CLANG_WARN_OBJC_ROOT_CLASS = YES_ERROR;
				CLANG_WARN_QUOTED_INCLUDE_IN_FRAMEWORK_HEADER = YES;
				CLANG_WARN_RANGE_LOOP_ANALYSIS = YES;
				CLANG_WARN_STRICT_PROTOTYPES = YES;
				CLANG_WARN_SUSPICIOUS_MOVE = YES;
				CLANG_WARN_UNGUARDED_AVAILABILITY = YES_AGGRESSIVE;
				CLANG_WARN_UNREACHABLE_CODE = YES;
				CLANG_WARN__DUPLICATE_METHOD_MATCH = YES;
				COPY_PHASE_STRIP = NO;
				CURRENT_PROJECT_VERSION = 1;
				DEBUG_INFORMATION_FORMAT = dwarf;
				ENABLE_STRICT_OBJC_MSGSEND = YES;
				ENABLE_TESTABILITY = YES;
				ENABLE_USER_SCRIPT_SANDBOXING = YES;
				GCC_C_LANGUAGE_STANDARD = gnu17;
				GCC_DYNAMIC_NO_PIC = NO;
				GCC_NO_COMMON_BLOCKS = YES;
				GCC_OPTIMIZATION_LEVEL = 0;
				GCC_PREPROCESSOR_DEFINITIONS = (
					"DEBUG=1",
					"$(inherited)",
				);
				GCC_WARN_64_TO_32_BIT_CONVERSION = YES;
				GCC_WARN_ABOUT_RETURN_TYPE = YES_ERROR;
				GCC_WARN_UNDECLARED_SELECTOR = YES;
				GCC_WARN_UNINITIALIZED_AUTOS = YES_AGGRESSIVE;
				GCC_WARN_UNUSED_FUNCTION = YES;
				GCC_WARN_UNUSED_VARIABLE = YES;
				IPHONEOS_DEPLOYMENT_TARGET = 17.0;
				LOCALIZATION_PREFERS_STRING_CATALOGS = YES;
				MTL_ENABLE_DEBUG_INFO = INCLUDE_SOURCE;
				MTL_FAST_MATH = YES;
				ONLY_ACTIVE_ARCH = YES;
				SDKROOT = iphoneos;
				SWIFT_ACTIVE_COMPILATION_CONDITIONS = "DEBUG $(inherited)";
				SWIFT_OPTIMIZATION_LEVEL = "-Onone";
				VERSIONING_SYSTEM = "apple-generic";
				VERSION_INFO_PREFIX = "";
			};
			name = Debug;
		};
		871430C62A849C22007C1023 /* Release */ = {
			isa = XCBuildConfiguration;
			buildSettings = {
				ALWAYS_SEARCH_USER_PATHS = NO;
				ASSETCATALOG_COMPILER_GENERATE_SWIFT_ASSET_SYMBOL_EXTENSIONS = YES;
				CLANG_ANALYZER_NONNULL = YES;
				CLANG_ANALYZER_NUMBER_OBJECT_CONVERSION = YES_AGGRESSIVE;
				CLANG_CXX_LANGUAGE_STANDARD = "gnu++20";
				CLANG_ENABLE_MODULES = YES;
				CLANG_ENABLE_OBJC_ARC = YES;
				CLANG_ENABLE_OBJC_WEAK = YES;
				CLANG_WARN_BLOCK_CAPTURE_AUTORELEASING = YES;
				CLANG_WARN_BOOL_CONVERSION = YES;
				CLANG_WARN_COMMA = YES;
				CLANG_WARN_CONSTANT_CONVERSION = YES;
				CLANG_WARN_DEPRECATED_OBJC_IMPLEMENTATIONS = YES;
				CLANG_WARN_DIRECT_OBJC_ISA_USAGE = YES_ERROR;
				CLANG_WARN_DOCUMENTATION_COMMENTS = YES;
				CLANG_WARN_EMPTY_BODY = YES;
				CLANG_WARN_ENUM_CONVERSION = YES;
				CLANG_WARN_INFINITE_RECURSION = YES;
				CLANG_WARN_INT_CONVERSION = YES;
				CLANG_WARN_NON_LITERAL_NULL_CONVERSION = YES;
				CLANG_WARN_OBJC_IMPLICIT_RETAIN_SELF = YES;
				CLANG_WARN_OBJC_LITERAL_CONVERSION = YES;
				CLANG_WARN_OBJC_ROOT_CLASS = YES_ERROR;
				CLANG_WARN_QUOTED_INCLUDE_IN_FRAMEWORK_HEADER = YES;
				CLANG_WARN_RANGE_LOOP_ANALYSIS = YES;
				CLANG_WARN_STRICT_PROTOTYPES = YES;
				CLANG_WARN_SUSPICIOUS_MOVE = YES;
				CLANG_WARN_UNGUARDED_AVAILABILITY = YES_AGGRESSIVE;
				CLANG_WARN_UNREACHABLE_CODE = YES;
				CLANG_WARN__DUPLICATE_METHOD_MATCH = YES;
				COPY_PHASE_STRIP = NO;
				CURRENT_PROJECT_VERSION = 1;
				DEBUG_INFORMATION_FORMAT = "dwarf-with-dsym";
				ENABLE_NS_ASSERTIONS = NO;
				ENABLE_STRICT_OBJC_MSGSEND = YES;
				ENABLE_USER_SCRIPT_SANDBOXING = YES;
				GCC_C_LANGUAGE_STANDARD = gnu17;
				GCC_NO_COMMON_BLOCKS = YES;
				GCC_WARN_64_TO_32_BIT_CONVERSION = YES;
				GCC_WARN_ABOUT_RETURN_TYPE = YES_ERROR;
				GCC_WARN_UNDECLARED_SELECTOR = YES;
				GCC_WARN_UNINITIALIZED_AUTOS = YES_AGGRESSIVE;
				GCC_WARN_UNUSED_FUNCTION = YES;
				GCC_WARN_UNUSED_VARIABLE = YES;
				IPHONEOS_DEPLOYMENT_TARGET = 17.0;
				LOCALIZATION_PREFERS_STRING_CATALOGS = YES;
				MTL_ENABLE_DEBUG_INFO = NO;
				MTL_FAST_MATH = YES;
				SDKROOT = iphoneos;
				SWIFT_COMPILATION_MODE = wholemodule;
				VALIDATE_PRODUCT = YES;
				VERSIONING_SYSTEM = "apple-generic";
				VERSION_INFO_PREFIX = "";
			};
			name = Release;
		};
		871430C82A849C22007C1023 /* Debug */ = {
			isa = XCBuildConfiguration;
			baseConfigurationReference = EB247AEF873B64420FFB8BB6 /* Pods-AZURest.debug.xcconfig */;
			buildSettings = {
				CODE_SIGN_STYLE = Automatic;
				CURRENT_PROJECT_VERSION = 1;
				DEFINES_MODULE = YES;
				DYLIB_COMPATIBILITY_VERSION = 1;
				DYLIB_CURRENT_VERSION = 1;
				DYLIB_INSTALL_NAME_BASE = "@rpath";
				ENABLE_MODULE_VERIFIER = YES;
				GENERATE_INFOPLIST_FILE = YES;
				INFOPLIST_KEY_NSHumanReadableCopyright = "";
				INSTALL_PATH = "$(LOCAL_LIBRARY_DIR)/Frameworks";
				LD_RUNPATH_SEARCH_PATHS = (
					"$(inherited)",
					"@executable_path/Frameworks",
					"@loader_path/Frameworks",
				);
				MARKETING_VERSION = 1.0;
				MODULE_VERIFIER_SUPPORTED_LANGUAGES = "objective-c objective-c++";
				MODULE_VERIFIER_SUPPORTED_LANGUAGE_STANDARDS = "gnu17 gnu++20";
				PRODUCT_BUNDLE_IDENTIFIER = azzam.AZURest;
				PRODUCT_NAME = "$(TARGET_NAME:c99extidentifier)";
				SKIP_INSTALL = YES;
				SWIFT_EMIT_LOC_STRINGS = YES;
				SWIFT_VERSION = 5.0;
				TARGETED_DEVICE_FAMILY = "1,2";
			};
			name = Debug;
		};
		871430C92A849C22007C1023 /* Release */ = {
			isa = XCBuildConfiguration;
			baseConfigurationReference = 4C318C5D656D23F47761AB9E /* Pods-AZURest.release.xcconfig */;
			buildSettings = {
				CODE_SIGN_STYLE = Automatic;
				CURRENT_PROJECT_VERSION = 1;
				DEFINES_MODULE = YES;
				DYLIB_COMPATIBILITY_VERSION = 1;
				DYLIB_CURRENT_VERSION = 1;
				DYLIB_INSTALL_NAME_BASE = "@rpath";
				ENABLE_MODULE_VERIFIER = YES;
				GENERATE_INFOPLIST_FILE = YES;
				INFOPLIST_KEY_NSHumanReadableCopyright = "";
				INSTALL_PATH = "$(LOCAL_LIBRARY_DIR)/Frameworks";
				LD_RUNPATH_SEARCH_PATHS = (
					"$(inherited)",
					"@executable_path/Frameworks",
					"@loader_path/Frameworks",
				);
				MARKETING_VERSION = 1.0;
				MODULE_VERIFIER_SUPPORTED_LANGUAGES = "objective-c objective-c++";
				MODULE_VERIFIER_SUPPORTED_LANGUAGE_STANDARDS = "gnu17 gnu++20";
				PRODUCT_BUNDLE_IDENTIFIER = azzam.AZURest;
				PRODUCT_NAME = "$(TARGET_NAME:c99extidentifier)";
				SKIP_INSTALL = YES;
				SWIFT_EMIT_LOC_STRINGS = YES;
				SWIFT_VERSION = 5.0;
				TARGETED_DEVICE_FAMILY = "1,2";
			};
			name = Release;
		};
		871430CB2A849C22007C1023 /* Debug */ = {
			isa = XCBuildConfiguration;
			baseConfigurationReference = BF2F6FA2297CBDE594059642 /* Pods-AZURest-AZURestTests.debug.xcconfig */;
			buildSettings = {
				CODE_SIGN_STYLE = Automatic;
				CURRENT_PROJECT_VERSION = 1;
				GENERATE_INFOPLIST_FILE = YES;
				MARKETING_VERSION = 1.0;
				PRODUCT_BUNDLE_IDENTIFIER = azzam.AZURestTests;
				PRODUCT_NAME = "$(TARGET_NAME)";
				SWIFT_EMIT_LOC_STRINGS = NO;
				SWIFT_VERSION = 5.0;
				TARGETED_DEVICE_FAMILY = "1,2";
			};
			name = Debug;
		};
		871430CC2A849C22007C1023 /* Release */ = {
			isa = XCBuildConfiguration;
			baseConfigurationReference = F2B31615FE5BB16D403F1FC0 /* Pods-AZURest-AZURestTests.release.xcconfig */;
			buildSettings = {
				CODE_SIGN_STYLE = Automatic;
				CURRENT_PROJECT_VERSION = 1;
				GENERATE_INFOPLIST_FILE = YES;
				MARKETING_VERSION = 1.0;
				PRODUCT_BUNDLE_IDENTIFIER = azzam.AZURestTests;
				PRODUCT_NAME = "$(TARGET_NAME)";
				SWIFT_EMIT_LOC_STRINGS = NO;
				SWIFT_VERSION = 5.0;
				TARGETED_DEVICE_FAMILY = "1,2";
			};
			name = Release;
		};
/* End XCBuildConfiguration section */

/* Begin XCConfigurationList section */
		871430AD2A849C22007C1023 /* Build configuration list for PBXProject "AZURest" */ = {
			isa = XCConfigurationList;
			buildConfigurations = (
				871430C52A849C22007C1023 /* Debug */,
				871430C62A849C22007C1023 /* Release */,
			);
			defaultConfigurationIsVisible = 0;
			defaultConfigurationName = Release;
		};
		871430C72A849C22007C1023 /* Build configuration list for PBXNativeTarget "AZURest" */ = {
			isa = XCConfigurationList;
			buildConfigurations = (
				871430C82A849C22007C1023 /* Debug */,
				871430C92A849C22007C1023 /* Release */,
			);
			defaultConfigurationIsVisible = 0;
			defaultConfigurationName = Release;
		};
		871430CA2A849C22007C1023 /* Build configuration list for PBXNativeTarget "AZURestTests" */ = {
			isa = XCConfigurationList;
			buildConfigurations = (
				871430CB2A849C22007C1023 /* Debug */,
				871430CC2A849C22007C1023 /* Release */,
			);
			defaultConfigurationIsVisible = 0;
			defaultConfigurationName = Release;
		};
/* End XCConfigurationList section */
	};
	rootObject = 871430AA2A849C22007C1023 /* Project object */;
}
